// !$*UTF8*$!
{
	archiveVersion = 1;
	classes = {
	};
	objectVersion = 77;
	objects = {

/* Begin PBXBuildFile section */
		00388F022CB87C88004C519C /* Model.xcdatamodel in Sources */ = {isa = PBXBuildFile; fileRef = 00388EF22CB87C88004C519C /* Model.xcdatamodel */; };
		00388F032CB87C88004C519C /* StoreDataProvider.swift in Sources */ = {isa = PBXBuildFile; fileRef = 00388EF32CB87C88004C519C /* StoreDataProvider.swift */; };
		00388F042CB87C88004C519C /* AppDelegate.swift in Sources */ = {isa = PBXBuildFile; fileRef = 00388EF52CB87C88004C519C /* AppDelegate.swift */; };
		00388F052CB87C88004C519C /* AppLog.swift in Sources */ = {isa = PBXBuildFile; fileRef = 00388EF62CB87C88004C519C /* AppLog.swift */; };
		00388F062CB87C88004C519C /* DetailKeepcoderController.swift in Sources */ = {isa = PBXBuildFile; fileRef = 00388EF82CB87C88004C519C /* DetailKeepcoderController.swift */; };
		00388F072CB87C88004C519C /* SceneDelegate.swift in Sources */ = {isa = PBXBuildFile; fileRef = 00388EFE2CB87C88004C519C /* SceneDelegate.swift */; };
		00388F082CB87C88004C519C /* ViewController.swift in Sources */ = {isa = PBXBuildFile; fileRef = 00388EFF2CB87C88004C519C /* ViewController.swift */; };
		00388F092CB87C88004C519C /* ViewModel.swift in Sources */ = {isa = PBXBuildFile; fileRef = 00388F002CB87C88004C519C /* ViewModel.swift */; };
		00388F0A2CB87C88004C519C /* Assets.xcassets in Resources */ = {isa = PBXBuildFile; fileRef = 00388EF72CB87C88004C519C /* Assets.xcassets */; };
		00388F0C2CB87C88004C519C /* LaunchScreen.storyboard in Resources */ = {isa = PBXBuildFile; fileRef = 00388EFB2CB87C88004C519C /* LaunchScreen.storyboard */; };
		00388F0D2CB87C88004C519C /* Main.storyboard in Resources */ = {isa = PBXBuildFile; fileRef = 00388EFD2CB87C88004C519C /* Main.storyboard */; };
/* End PBXBuildFile section */

/* Begin PBXContainerItemProxy section */
		00388EB12CB85743004C519C /* PBXContainerItemProxy */ = {
			isa = PBXContainerItemProxy;
			containerPortal = 00388E922CB85741004C519C /* Project object */;
			proxyType = 1;
			remoteGlobalIDString = 00388E992CB85741004C519C;
			remoteInfo = IntroCoreData;
		};
		00388EBB2CB85743004C519C /* PBXContainerItemProxy */ = {
			isa = PBXContainerItemProxy;
			containerPortal = 00388E922CB85741004C519C /* Project object */;
			proxyType = 1;
			remoteGlobalIDString = 00388E992CB85741004C519C;
			remoteInfo = IntroCoreData;
		};
/* End PBXContainerItemProxy section */

/* Begin PBXFileReference section */
		00388E9A2CB85741004C519C /* IntroCoreData.app */ = {isa = PBXFileReference; explicitFileType = wrapper.application; includeInIndex = 0; path = IntroCoreData.app; sourceTree = BUILT_PRODUCTS_DIR; };
		00388EB02CB85743004C519C /* IntroCoreDataTests.xctest */ = {isa = PBXFileReference; explicitFileType = wrapper.cfbundle; includeInIndex = 0; path = IntroCoreDataTests.xctest; sourceTree = BUILT_PRODUCTS_DIR; };
		00388EBA2CB85743004C519C /* IntroCoreDataUITests.xctest */ = {isa = PBXFileReference; explicitFileType = wrapper.cfbundle; includeInIndex = 0; path = IntroCoreDataUITests.xctest; sourceTree = BUILT_PRODUCTS_DIR; };
		00388EF22CB87C88004C519C /* Model.xcdatamodel */ = {isa = PBXFileReference; lastKnownFileType = wrapper.xcdatamodel; path = Model.xcdatamodel; sourceTree = "<group>"; };
		00388EF32CB87C88004C519C /* StoreDataProvider.swift */ = {isa = PBXFileReference; lastKnownFileType = sourcecode.swift; path = StoreDataProvider.swift; sourceTree = "<group>"; };
		00388EF52CB87C88004C519C /* AppDelegate.swift */ = {isa = PBXFileReference; lastKnownFileType = sourcecode.swift; path = AppDelegate.swift; sourceTree = "<group>"; };
		00388EF62CB87C88004C519C /* AppLog.swift */ = {isa = PBXFileReference; lastKnownFileType = sourcecode.swift; path = AppLog.swift; sourceTree = "<group>"; };
		00388EF72CB87C88004C519C /* Assets.xcassets */ = {isa = PBXFileReference; lastKnownFileType = folder.assetcatalog; path = Assets.xcassets; sourceTree = "<group>"; };
		00388EF82CB87C88004C519C /* DetailKeepcoderController.swift */ = {isa = PBXFileReference; lastKnownFileType = sourcecode.swift; path = DetailKeepcoderController.swift; sourceTree = "<group>"; };
		00388EF92CB87C88004C519C /* Info.plist */ = {isa = PBXFileReference; lastKnownFileType = text.plist.xml; path = Info.plist; sourceTree = "<group>"; };
		00388EFA2CB87C88004C519C /* Base */ = {isa = PBXFileReference; lastKnownFileType = file.storyboard; name = Base; path = Base.lproj/LaunchScreen.storyboard; sourceTree = "<group>"; };
		00388EFC2CB87C88004C519C /* Base */ = {isa = PBXFileReference; lastKnownFileType = file.storyboard; name = Base; path = Base.lproj/Main.storyboard; sourceTree = "<group>"; };
		00388EFE2CB87C88004C519C /* SceneDelegate.swift */ = {isa = PBXFileReference; lastKnownFileType = sourcecode.swift; path = SceneDelegate.swift; sourceTree = "<group>"; };
		00388EFF2CB87C88004C519C /* ViewController.swift */ = {isa = PBXFileReference; lastKnownFileType = sourcecode.swift; path = ViewController.swift; sourceTree = "<group>"; };
		00388F002CB87C88004C519C /* ViewModel.swift */ = {isa = PBXFileReference; lastKnownFileType = sourcecode.swift; path = ViewModel.swift; sourceTree = "<group>"; };
/* End PBXFileReference section */

/* Begin PBXFileSystemSynchronizedRootGroup section */
		00388EB32CB85743004C519C /* IntroCoreDataTests */ = {
			isa = PBXFileSystemSynchronizedRootGroup;
			path = IntroCoreDataTests;
			sourceTree = "<group>";
		};
		00388EBD2CB85743004C519C /* IntroCoreDataUITests */ = {
			isa = PBXFileSystemSynchronizedRootGroup;
			path = IntroCoreDataUITests;
			sourceTree = "<group>";
		};
/* End PBXFileSystemSynchronizedRootGroup section */

/* Begin PBXFrameworksBuildPhase section */
		00388E972CB85741004C519C /* Frameworks */ = {
			isa = PBXFrameworksBuildPhase;
			buildActionMask = 2147483647;
			files = (
			);
			runOnlyForDeploymentPostprocessing = 0;
		};
		00388EAD2CB85743004C519C /* Frameworks */ = {
			isa = PBXFrameworksBuildPhase;
			buildActionMask = 2147483647;
			files = (
			);
			runOnlyForDeploymentPostprocessing = 0;
		};
		00388EB72CB85743004C519C /* Frameworks */ = {
			isa = PBXFrameworksBuildPhase;
			buildActionMask = 2147483647;
			files = (
			);
			runOnlyForDeploymentPostprocessing = 0;
		};
/* End PBXFrameworksBuildPhase section */

/* Begin PBXGroup section */
		00388E912CB85741004C519C = {
			isa = PBXGroup;
			children = (
				00388F012CB87C88004C519C /* IntroCoreData */,
				00388EB32CB85743004C519C /* IntroCoreDataTests */,
				00388EBD2CB85743004C519C /* IntroCoreDataUITests */,
				00388E9B2CB85741004C519C /* Products */,
			);
			sourceTree = "<group>";
		};
		00388E9B2CB85741004C519C /* Products */ = {
			isa = PBXGroup;
			children = (
				00388E9A2CB85741004C519C /* IntroCoreData.app */,
				00388EB02CB85743004C519C /* IntroCoreDataTests.xctest */,
				00388EBA2CB85743004C519C /* IntroCoreDataUITests.xctest */,
			);
			name = Products;
			sourceTree = "<group>";
		};
		00388EF42CB87C88004C519C /* Data */ = {
			isa = PBXGroup;
			children = (
				00388EF22CB87C88004C519C /* Model.xcdatamodel */,
				00388EF32CB87C88004C519C /* StoreDataProvider.swift */,
			);
			path = Data;
			sourceTree = "<group>";
		};
		00388F012CB87C88004C519C /* IntroCoreData */ = {
			isa = PBXGroup;
			children = (
				00388EF42CB87C88004C519C /* Data */,
				00388EF52CB87C88004C519C /* AppDelegate.swift */,
				00388EFE2CB87C88004C519C /* SceneDelegate.swift */,
				00388EF62CB87C88004C519C /* AppLog.swift */,
				00388EF82CB87C88004C519C /* DetailKeepcoderController.swift */,
				00388EFF2CB87C88004C519C /* ViewController.swift */,
				00388F002CB87C88004C519C /* ViewModel.swift */,
				00388EF72CB87C88004C519C /* Assets.xcassets */,
				00388EF92CB87C88004C519C /* Info.plist */,
				00388EFB2CB87C88004C519C /* LaunchScreen.storyboard */,
				00388EFD2CB87C88004C519C /* Main.storyboard */,
			);
			path = IntroCoreData;
			sourceTree = "<group>";
		};
/* End PBXGroup section */

/* Begin PBXNativeTarget section */
		00388E992CB85741004C519C /* IntroCoreData */ = {
			isa = PBXNativeTarget;
			buildConfigurationList = 00388EC32CB85743004C519C /* Build configuration list for PBXNativeTarget "IntroCoreData" */;
			buildPhases = (
				00388E962CB85741004C519C /* Sources */,
				00388E972CB85741004C519C /* Frameworks */,
				00388E982CB85741004C519C /* Resources */,
			);
			buildRules = (
			);
			dependencies = (
			);
			name = IntroCoreData;
			packageProductDependencies = (
			);
			productName = IntroCoreData;
			productReference = 00388E9A2CB85741004C519C /* IntroCoreData.app */;
			productType = "com.apple.product-type.application";
		};
		00388EAF2CB85743004C519C /* IntroCoreDataTests */ = {
			isa = PBXNativeTarget;
			buildConfigurationList = 00388EC82CB85743004C519C /* Build configuration list for PBXNativeTarget "IntroCoreDataTests" */;
			buildPhases = (
				00388EAC2CB85743004C519C /* Sources */,
				00388EAD2CB85743004C519C /* Frameworks */,
				00388EAE2CB85743004C519C /* Resources */,
			);
			buildRules = (
			);
			dependencies = (
				00388EB22CB85743004C519C /* PBXTargetDependency */,
			);
			fileSystemSynchronizedGroups = (
				00388EB32CB85743004C519C /* IntroCoreDataTests */,
			);
			name = IntroCoreDataTests;
			packageProductDependencies = (
			);
			productName = IntroCoreDataTests;
			productReference = 00388EB02CB85743004C519C /* IntroCoreDataTests.xctest */;
			productType = "com.apple.product-type.bundle.unit-test";
		};
		00388EB92CB85743004C519C /* IntroCoreDataUITests */ = {
			isa = PBXNativeTarget;
			buildConfigurationList = 00388ECB2CB85743004C519C /* Build configuration list for PBXNativeTarget "IntroCoreDataUITests" */;
			buildPhases = (
				00388EB62CB85743004C519C /* Sources */,
				00388EB72CB85743004C519C /* Frameworks */,
				00388EB82CB85743004C519C /* Resources */,
			);
			buildRules = (
			);
			dependencies = (
				00388EBC2CB85743004C519C /* PBXTargetDependency */,
			);
			fileSystemSynchronizedGroups = (
				00388EBD2CB85743004C519C /* IntroCoreDataUITests */,
			);
			name = IntroCoreDataUITests;
			packageProductDependencies = (
			);
			productName = IntroCoreDataUITests;
			productReference = 00388EBA2CB85743004C519C /* IntroCoreDataUITests.xctest */;
			productType = "com.apple.product-type.bundle.ui-testing";
		};
/* End PBXNativeTarget section */

/* Begin PBXProject section */
		00388E922CB85741004C519C /* Project object */ = {
			isa = PBXProject;
			attributes = {
				BuildIndependentTargetsInParallel = 1;
				LastSwiftUpdateCheck = 1600;
				LastUpgradeCheck = 1600;
				TargetAttributes = {
					00388E992CB85741004C519C = {
						CreatedOnToolsVersion = 16.0;
					};
					00388EAF2CB85743004C519C = {
						CreatedOnToolsVersion = 16.0;
						TestTargetID = 00388E992CB85741004C519C;
					};
					00388EB92CB85743004C519C = {
						CreatedOnToolsVersion = 16.0;
						TestTargetID = 00388E992CB85741004C519C;
					};
				};
			};
			buildConfigurationList = 00388E952CB85741004C519C /* Build configuration list for PBXProject "IntroCoreData" */;
			developmentRegion = en;
			hasScannedForEncodings = 0;
			knownRegions = (
				en,
				Base,
			);
			mainGroup = 00388E912CB85741004C519C;
			minimizedProjectReferenceProxies = 1;
			preferredProjectObjectVersion = 77;
			productRefGroup = 00388E9B2CB85741004C519C /* Products */;
			projectDirPath = "";
			projectRoot = "";
			targets = (
				00388E992CB85741004C519C /* IntroCoreData */,
				00388EAF2CB85743004C519C /* IntroCoreDataTests */,
				00388EB92CB85743004C519C /* IntroCoreDataUITests */,
			);
		};
/* End PBXProject section */

/* Begin PBXResourcesBuildPhase section */
		00388E982CB85741004C519C /* Resources */ = {
			isa = PBXResourcesBuildPhase;
			buildActionMask = 2147483647;
			files = (
				00388F0A2CB87C88004C519C /* Assets.xcassets in Resources */,
				00388F0C2CB87C88004C519C /* LaunchScreen.storyboard in Resources */,
				00388F0D2CB87C88004C519C /* Main.storyboard in Resources */,
			);
			runOnlyForDeploymentPostprocessing = 0;
		};
		00388EAE2CB85743004C519C /* Resources */ = {
			isa = PBXResourcesBuildPhase;
			buildActionMask = 2147483647;
			files = (
			);
			runOnlyForDeploymentPostprocessing = 0;
		};
		00388EB82CB85743004C519C /* Resources */ = {
			isa = PBXResourcesBuildPhase;
			buildActionMask = 2147483647;
			files = (
			);
			runOnlyForDeploymentPostprocessing = 0;
		};
/* End PBXResourcesBuildPhase section */

/* Begin PBXSourcesBuildPhase section */
		00388E962CB85741004C519C /* Sources */ = {
			isa = PBXSourcesBuildPhase;
			buildActionMask = 2147483647;
			files = (
				00388F022CB87C88004C519C /* Model.xcdatamodel in Sources */,
				00388F032CB87C88004C519C /* StoreDataProvider.swift in Sources */,
				00388F042CB87C88004C519C /* AppDelegate.swift in Sources */,
				00388F052CB87C88004C519C /* AppLog.swift in Sources */,
				00388F062CB87C88004C519C /* DetailKeepcoderController.swift in Sources */,
				00388F072CB87C88004C519C /* SceneDelegate.swift in Sources */,
				00388F082CB87C88004C519C /* ViewController.swift in Sources */,
				00388F092CB87C88004C519C /* ViewModel.swift in Sources */,
			);
			runOnlyForDeploymentPostprocessing = 0;
		};
		00388EAC2CB85743004C519C /* Sources */ = {
			isa = PBXSourcesBuildPhase;
			buildActionMask = 2147483647;
			files = (
			);
			runOnlyForDeploymentPostprocessing = 0;
		};
		00388EB62CB85743004C519C /* Sources */ = {
			isa = PBXSourcesBuildPhase;
			buildActionMask = 2147483647;
			files = (
			);
			runOnlyForDeploymentPostprocessing = 0;
		};
/* End PBXSourcesBuildPhase section */

/* Begin PBXTargetDependency section */
		00388EB22CB85743004C519C /* PBXTargetDependency */ = {
			isa = PBXTargetDependency;
			target = 00388E992CB85741004C519C /* IntroCoreData */;
			targetProxy = 00388EB12CB85743004C519C /* PBXContainerItemProxy */;
		};
		00388EBC2CB85743004C519C /* PBXTargetDependency */ = {
			isa = PBXTargetDependency;
			target = 00388E992CB85741004C519C /* IntroCoreData */;
			targetProxy = 00388EBB2CB85743004C519C /* PBXContainerItemProxy */;
		};
/* End PBXTargetDependency section */

/* Begin PBXVariantGroup section */
		00388EFB2CB87C88004C519C /* LaunchScreen.storyboard */ = {
			isa = PBXVariantGroup;
			children = (
				00388EFA2CB87C88004C519C /* Base */,
			);
			name = LaunchScreen.storyboard;
			sourceTree = "<group>";
		};
		00388EFD2CB87C88004C519C /* Main.storyboard */ = {
			isa = PBXVariantGroup;
			children = (
				00388EFC2CB87C88004C519C /* Base */,
			);
			name = Main.storyboard;
			sourceTree = "<group>";
		};
/* End PBXVariantGroup section */

/* Begin XCBuildConfiguration section */
		00388EC42CB85743004C519C /* Debug */ = {
			isa = XCBuildConfiguration;
			buildSettings = {
				ASSETCATALOG_COMPILER_APPICON_NAME = AppIcon;
				ASSETCATALOG_COMPILER_GLOBAL_ACCENT_COLOR_NAME = AccentColor;
				CODE_SIGN_STYLE = Automatic;
				CURRENT_PROJECT_VERSION = 1;
				DEVELOPMENT_TEAM = 58NTZ2J6FC;
				GENERATE_INFOPLIST_FILE = YES;
				INFOPLIST_FILE = IntroCoreData/Info.plist;
				INFOPLIST_KEY_UIApplicationSupportsIndirectInputEvents = YES;
				INFOPLIST_KEY_UILaunchStoryboardName = LaunchScreen;
				INFOPLIST_KEY_UIMainStoryboardFile = Main;
				INFOPLIST_KEY_UISupportedInterfaceOrientations_iPad = "UIInterfaceOrientationPortrait UIInterfaceOrientationPortraitUpsideDown UIInterfaceOrientationLandscapeLeft UIInterfaceOrientationLandscapeRight";
				INFOPLIST_KEY_UISupportedInterfaceOrientations_iPhone = "UIInterfaceOrientationPortrait UIInterfaceOrientationLandscapeLeft UIInterfaceOrientationLandscapeRight";
				LD_RUNPATH_SEARCH_PATHS = (
					"$(inherited)",
					"@executable_path/Frameworks",
				);
				MARKETING_VERSION = 1.0;
				PRODUCT_BUNDLE_IDENTIFIER = com.softpmc.IntroCoreData;
				PRODUCT_NAME = "$(TARGET_NAME)";
				SWIFT_EMIT_LOC_STRINGS = YES;
				SWIFT_VERSION = 5.0;
				TARGETED_DEVICE_FAMILY = "1,2";
			};
			name = Debug;
		};
		00388EC52CB85743004C519C /* Release */ = {
			isa = XCBuildConfiguration;
			buildSettings = {
				ASSETCATALOG_COMPILER_APPICON_NAME = AppIcon;
				ASSETCATALOG_COMPILER_GLOBAL_ACCENT_COLOR_NAME = AccentColor;
				CODE_SIGN_STYLE = Automatic;
				CURRENT_PROJECT_VERSION = 1;
				DEVELOPMENT_TEAM = 58NTZ2J6FC;
				GENERATE_INFOPLIST_FILE = YES;
				INFOPLIST_FILE = IntroCoreData/Info.plist;
				INFOPLIST_KEY_UIApplicationSupportsIndirectInputEvents = YES;
				INFOPLIST_KEY_UILaunchStoryboardName = LaunchScreen;
				INFOPLIST_KEY_UIMainStoryboardFile = Main;
				INFOPLIST_KEY_UISupportedInterfaceOrientations_iPad = "UIInterfaceOrientationPortrait UIInterfaceOrientationPortraitUpsideDown UIInterfaceOrientationLandscapeLeft UIInterfaceOrientationLandscapeRight";
				INFOPLIST_KEY_UISupportedInterfaceOrientations_iPhone = "UIInterfaceOrientationPortrait UIInterfaceOrientationLandscapeLeft UIInterfaceOrientationLandscapeRight";
				LD_RUNPATH_SEARCH_PATHS = (
					"$(inherited)",
					"@executable_path/Frameworks",
				);
				MARKETING_VERSION = 1.0;
				PRODUCT_BUNDLE_IDENTIFIER = com.softpmc.IntroCoreData;
				PRODUCT_NAME = "$(TARGET_NAME)";
				SWIFT_EMIT_LOC_STRINGS = YES;
				SWIFT_VERSION = 5.0;
				TARGETED_DEVICE_FAMILY = "1,2";
			};
			name = Release;
		};
		00388EC62CB85743004C519C /* Debug */ = {
			isa = XCBuildConfiguration;
			buildSettings = {
				ALWAYS_SEARCH_USER_PATHS = NO;
				ASSETCATALOG_COMPILER_GENERATE_SWIFT_ASSET_SYMBOL_EXTENSIONS = YES;
				CLANG_ANALYZER_NONNULL = YES;
				CLANG_ANALYZER_NUMBER_OBJECT_CONVERSION = YES_AGGRESSIVE;
				CLANG_CXX_LANGUAGE_STANDARD = "gnu++20";
				CLANG_ENABLE_MODULES = YES;
				CLANG_ENABLE_OBJC_ARC = YES;
				CLANG_ENABLE_OBJC_WEAK = YES;
				CLANG_WARN_BLOCK_CAPTURE_AUTORELEASING = YES;
				CLANG_WARN_BOOL_CONVERSION = YES;
				CLANG_WARN_COMMA = YES;
				CLANG_WARN_CONSTANT_CONVERSION = YES;
				CLANG_WARN_DEPRECATED_OBJC_IMPLEMENTATIONS = YES;
				CLANG_WARN_DIRECT_OBJC_ISA_USAGE = YES_ERROR;
				CLANG_WARN_DOCUMENTATION_COMMENTS = YES;
				CLANG_WARN_EMPTY_BODY = YES;
				CLANG_WARN_ENUM_CONVERSION = YES;
				CLANG_WARN_INFINITE_RECURSION = YES;
				CLANG_WARN_INT_CONVERSION = YES;
				CLANG_WARN_NON_LITERAL_NULL_CONVERSION = YES;
				CLANG_WARN_OBJC_IMPLICIT_RETAIN_SELF = YES;
				CLANG_WARN_OBJC_LITERAL_CONVERSION = YES;
				CLANG_WARN_OBJC_ROOT_CLASS = YES_ERROR;
				CLANG_WARN_QUOTED_INCLUDE_IN_FRAMEWORK_HEADER = YES;
				CLANG_WARN_RANGE_LOOP_ANALYSIS = YES;
				CLANG_WARN_STRICT_PROTOTYPES = YES;
				CLANG_WARN_SUSPICIOUS_MOVE = YES;
				CLANG_WARN_UNGUARDED_AVAILABILITY = YES_AGGRESSIVE;
				CLANG_WARN_UNREACHABLE_CODE = YES;
				CLANG_WARN__DUPLICATE_METHOD_MATCH = YES;
				COPY_PHASE_STRIP = NO;
				DEBUG_INFORMATION_FORMAT = dwarf;
				ENABLE_STRICT_OBJC_MSGSEND = YES;
				ENABLE_TESTABILITY = YES;
				ENABLE_USER_SCRIPT_SANDBOXING = YES;
				GCC_C_LANGUAGE_STANDARD = gnu17;
				GCC_DYNAMIC_NO_PIC = NO;
				GCC_NO_COMMON_BLOCKS = YES;
				GCC_OPTIMIZATION_LEVEL = 0;
				GCC_PREPROCESSOR_DEFINITIONS = (
					"DEBUG=1",
					"$(inherited)",
				);
				GCC_WARN_64_TO_32_BIT_CONVERSION = YES;
				GCC_WARN_ABOUT_RETURN_TYPE = YES_ERROR;
				GCC_WARN_UNDECLARED_SELECTOR = YES;
				GCC_WARN_UNINITIALIZED_AUTOS = YES_AGGRESSIVE;
				GCC_WARN_UNUSED_FUNCTION = YES;
				GCC_WARN_UNUSED_VARIABLE = YES;
				IPHONEOS_DEPLOYMENT_TARGET = 18.0;
				LOCALIZATION_PREFERS_STRING_CATALOGS = YES;
				MTL_ENABLE_DEBUG_INFO = INCLUDE_SOURCE;
				MTL_FAST_MATH = YES;
				ONLY_ACTIVE_ARCH = YES;
				SDKROOT = iphoneos;
				SWIFT_ACTIVE_COMPILATION_CONDITIONS = "DEBUG $(inherited)";
				SWIFT_OPTIMIZATION_LEVEL = "-Onone";
			};
			name = Debug;
		};
		00388EC72CB85743004C519C /* Release */ = {
			isa = XCBuildConfiguration;
			buildSettings = {
				ALWAYS_SEARCH_USER_PATHS = NO;
				ASSETCATALOG_COMPILER_GENERATE_SWIFT_ASSET_SYMBOL_EXTENSIONS = YES;
				CLANG_ANALYZER_NONNULL = YES;
				CLANG_ANALYZER_NUMBER_OBJECT_CONVERSION = YES_AGGRESSIVE;
				CLANG_CXX_LANGUAGE_STANDARD = "gnu++20";
				CLANG_ENABLE_MODULES = YES;
				CLANG_ENABLE_OBJC_ARC = YES;
				CLANG_ENABLE_OBJC_WEAK = YES;
				CLANG_WARN_BLOCK_CAPTURE_AUTORELEASING = YES;
				CLANG_WARN_BOOL_CONVERSION = YES;
				CLANG_WARN_COMMA = YES;
				CLANG_WARN_CONSTANT_CONVERSION = YES;
				CLANG_WARN_DEPRECATED_OBJC_IMPLEMENTATIONS = YES;
				CLANG_WARN_DIRECT_OBJC_ISA_USAGE = YES_ERROR;
				CLANG_WARN_DOCUMENTATION_COMMENTS = YES;
				CLANG_WARN_EMPTY_BODY = YES;
				CLANG_WARN_ENUM_CONVERSION = YES;
				CLANG_WARN_INFINITE_RECURSION = YES;
				CLANG_WARN_INT_CONVERSION = YES;
				CLANG_WARN_NON_LITERAL_NULL_CONVERSION = YES;
				CLANG_WARN_OBJC_IMPLICIT_RETAIN_SELF = YES;
				CLANG_WARN_OBJC_LITERAL_CONVERSION = YES;
				CLANG_WARN_OBJC_ROOT_CLASS = YES_ERROR;
				CLANG_WARN_QUOTED_INCLUDE_IN_FRAMEWORK_HEADER = YES;
				CLANG_WARN_RANGE_LOOP_ANALYSIS = YES;
				CLANG_WARN_STRICT_PROTOTYPES = YES;
				CLANG_WARN_SUSPICIOUS_MOVE = YES;
				CLANG_WARN_UNGUARDED_AVAILABILITY = YES_AGGRESSIVE;
				CLANG_WARN_UNREACHABLE_CODE = YES;
				CLANG_WARN__DUPLICATE_METHOD_MATCH = YES;
				COPY_PHASE_STRIP = NO;
				DEBUG_INFORMATION_FORMAT = "dwarf-with-dsym";
				ENABLE_NS_ASSERTIONS = NO;
				ENABLE_STRICT_OBJC_MSGSEND = YES;
				ENABLE_USER_SCRIPT_SANDBOXING = YES;
				GCC_C_LANGUAGE_STANDARD = gnu17;
				GCC_NO_COMMON_BLOCKS = YES;
				GCC_WARN_64_TO_32_BIT_CONVERSION = YES;
				GCC_WARN_ABOUT_RETURN_TYPE = YES_ERROR;
				GCC_WARN_UNDECLARED_SELECTOR = YES;
				GCC_WARN_UNINITIALIZED_AUTOS = YES_AGGRESSIVE;
				GCC_WARN_UNUSED_FUNCTION = YES;
				GCC_WARN_UNUSED_VARIABLE = YES;
				IPHONEOS_DEPLOYMENT_TARGET = 18.0;
				LOCALIZATION_PREFERS_STRING_CATALOGS = YES;
				MTL_ENABLE_DEBUG_INFO = NO;
				MTL_FAST_MATH = YES;
				SDKROOT = iphoneos;
				SWIFT_COMPILATION_MODE = wholemodule;
				VALIDATE_PRODUCT = YES;
			};
			name = Release;
		};
		00388EC92CB85743004C519C /* Debug */ = {
			isa = XCBuildConfiguration;
			buildSettings = {
				BUNDLE_LOADER = "$(TEST_HOST)";
				CODE_SIGN_STYLE = Automatic;
				CURRENT_PROJECT_VERSION = 1;
				DEVELOPMENT_TEAM = 58NTZ2J6FC;
				GENERATE_INFOPLIST_FILE = YES;
				IPHONEOS_DEPLOYMENT_TARGET = 18.0;
				MARKETING_VERSION = 1.0;
				PRODUCT_BUNDLE_IDENTIFIER = com.softpmc.IntroCoreDataTests;
				PRODUCT_NAME = "$(TARGET_NAME)";
				SWIFT_EMIT_LOC_STRINGS = NO;
				SWIFT_VERSION = 5.0;
				TARGETED_DEVICE_FAMILY = "1,2";
				TEST_HOST = "$(BUILT_PRODUCTS_DIR)/IntroCoreData.app/$(BUNDLE_EXECUTABLE_FOLDER_PATH)/IntroCoreData";
			};
			name = Debug;
		};
		00388ECA2CB85743004C519C /* Release */ = {
			isa = XCBuildConfiguration;
			buildSettings = {
				BUNDLE_LOADER = "$(TEST_HOST)";
				CODE_SIGN_STYLE = Automatic;
				CURRENT_PROJECT_VERSION = 1;
				DEVELOPMENT_TEAM = 58NTZ2J6FC;
				GENERATE_INFOPLIST_FILE = YES;
				IPHONEOS_DEPLOYMENT_TARGET = 18.0;
				MARKETING_VERSION = 1.0;
				PRODUCT_BUNDLE_IDENTIFIER = com.softpmc.IntroCoreDataTests;
				PRODUCT_NAME = "$(TARGET_NAME)";
				SWIFT_EMIT_LOC_STRINGS = NO;
				SWIFT_VERSION = 5.0;
				TARGETED_DEVICE_FAMILY = "1,2";
				TEST_HOST = "$(BUILT_PRODUCTS_DIR)/IntroCoreData.app/$(BUNDLE_EXECUTABLE_FOLDER_PATH)/IntroCoreData";
			};
			name = Release;
		};
		00388ECC2CB85743004C519C /* Debug */ = {
			isa = XCBuildConfiguration;
			buildSettings = {
				CODE_SIGN_STYLE = Automatic;
				CURRENT_PROJECT_VERSION = 1;
				DEVELOPMENT_TEAM = 58NTZ2J6FC;
				GENERATE_INFOPLIST_FILE = YES;
				MARKETING_VERSION = 1.0;
				PRODUCT_BUNDLE_IDENTIFIER = com.softpmc.IntroCoreDataUITests;
				PRODUCT_NAME = "$(TARGET_NAME)";
				SWIFT_EMIT_LOC_STRINGS = NO;
				SWIFT_VERSION = 5.0;
				TARGETED_DEVICE_FAMILY = "1,2";
				TEST_TARGET_NAME = IntroCoreData;
			};
			name = Debug;
		};
		00388ECD2CB85743004C519C /* Release */ = {
			isa = XCBuildConfiguration;
			buildSettings = {
				CODE_SIGN_STYLE = Automatic;
				CURRENT_PROJECT_VERSION = 1;
				DEVELOPMENT_TEAM = 58NTZ2J6FC;
				GENERATE_INFOPLIST_FILE = YES;
				MARKETING_VERSION = 1.0;
				PRODUCT_BUNDLE_IDENTIFIER = com.softpmc.IntroCoreDataUITests;
				PRODUCT_NAME = "$(TARGET_NAME)";
				SWIFT_EMIT_LOC_STRINGS = NO;
				SWIFT_VERSION = 5.0;
				TARGETED_DEVICE_FAMILY = "1,2";
				TEST_TARGET_NAME = IntroCoreData;
			};
			name = Release;
		};
/* End XCBuildConfiguration section */

/* Begin XCConfigurationList section */
		00388E952CB85741004C519C /* Build configuration list for PBXProject "IntroCoreData" */ = {
			isa = XCConfigurationList;
			buildConfigurations = (
				00388EC62CB85743004C519C /* Debug */,
				00388EC72CB85743004C519C /* Release */,
			);
			defaultConfigurationIsVisible = 0;
			defaultConfigurationName = Release;
		};
		00388EC32CB85743004C519C /* Build configuration list for PBXNativeTarget "IntroCoreData" */ = {
			isa = XCConfigurationList;
			buildConfigurations = (
				00388EC42CB85743004C519C /* Debug */,
				00388EC52CB85743004C519C /* Release */,
			);
			defaultConfigurationIsVisible = 0;
			defaultConfigurationName = Release;
		};
		00388EC82CB85743004C519C /* Build configuration list for PBXNativeTarget "IntroCoreDataTests" */ = {
			isa = XCConfigurationList;
			buildConfigurations = (
				00388EC92CB85743004C519C /* Debug */,
				00388ECA2CB85743004C519C /* Release */,
			);
			defaultConfigurationIsVisible = 0;
			defaultConfigurationName = Release;
		};
		00388ECB2CB85743004C519C /* Build configuration list for PBXNativeTarget "IntroCoreDataUITests" */ = {
			isa = XCConfigurationList;
			buildConfigurations = (
				00388ECC2CB85743004C519C /* Debug */,
				00388ECD2CB85743004C519C /* Release */,
			);
			defaultConfigurationIsVisible = 0;
			defaultConfigurationName = Release;
		};
/* End XCConfigurationList section */
	};
	rootObject = 00388E922CB85741004C519C /* Project object */;
}
